{
  "version": "3",
  "packages": {
    "specifiers": {
      "jsr:@std/assert": "jsr:@std/assert@1.0.18",
      "jsr:@std/internal@^1.0.12": "jsr:@std/internal@1.0.12",
      "npm:@simplewebauthn/server@12.0.0": "npm:@simplewebauthn/server@12.0.0",
      "npm:@simplewebauthn/types@12.0.0": "npm:@simplewebauthn/types@12.0.0",
      "npm:@supabase/supabase-js@2.92.0": "npm:@supabase/supabase-js@2.92.0",
      "npm:agora-token@2.0.5": "npm:agora-token@2.0.5",
      "npm:ioredis@5.6.1": "npm:ioredis@5.6.1",
      "npm:standardwebhooks@1.0.0": "npm:standardwebhooks@1.0.0",
      "npm:zod@3.23.8": "npm:zod@3.23.8",
      "npm:zod@4.3.6": "npm:zod@4.3.6"
    },
    "jsr": {
      "@std/assert@1.0.18": {
        "integrity": "270245e9c2c13b446286de475131dc688ca9abcd94fc5db41d43a219b34d1c78",
        "dependencies": [
          "jsr:@std/internal@^1.0.12"
        ]
      },
      "@std/internal@1.0.12": {
        "integrity": "972a634fd5bc34b242024402972cd5143eac68d8dffaca5eaa4dba30ce17b027"
      }
    },
    "npm": {
      "@hexagon/base64@1.1.28": {
        "integrity": "sha512-lhqDEAvWixy3bZ+UOYbPwUbBkwBq5C1LAJ/xPC8Oi+lL54oyakv/npbA0aU2hgCsx/1NUd4IBvV03+aUBWxerw==",
        "dependencies": {}
      },
      "@ioredis/commands@1.5.0": {
        "integrity": "sha512-eUgLqrMf8nJkZxT24JvVRrQya1vZkQh8BBeYNwGDqa5I0VUi8ACx7uFvAaLxintokpTenkK6DASvo/bvNbBGow==",
        "dependencies": {}
      },
      "@levischuck/tiny-cbor@0.2.11": {
        "integrity": "sha512-llBRm4dT4Z89aRsm6u2oEZ8tfwL/2l6BwpZ7JcyieouniDECM5AqNgr/y08zalEIvW3RSK4upYyybDcmjXqAow==",
        "dependencies": {}
      },
      "@peculiar/asn1-android@2.6.0": {
        "integrity": "sha512-cBRCKtYPF7vJGN76/yG8VbxRcHLPF3HnkoHhKOZeHpoVtbMYfY9ROKtH3DtYUY9m8uI1Mh47PRhHf2hSK3xcSQ==",
        "dependencies": {
          "@peculiar/asn1-schema": "@peculiar/asn1-schema@2.6.0",
          "asn1js": "asn1js@3.0.7",
          "tslib": "tslib@2.8.1"
        }
      },
      "@peculiar/asn1-ecc@2.6.0": {
        "integrity": "sha512-FF3LMGq6SfAOwUG2sKpPXblibn6XnEIKa+SryvUl5Pik+WR9rmRA3OCiwz8R3lVXnYnyRkSZsSLdml8H3UiOcw==",
        "dependencies": {
          "@peculiar/asn1-schema": "@peculiar/asn1-schema@2.6.0",
          "@peculiar/asn1-x509": "@peculiar/asn1-x509@2.6.0",
          "asn1js": "asn1js@3.0.7",
          "tslib": "tslib@2.8.1"
        }
      },
      "@peculiar/asn1-rsa@2.6.0": {
        "integrity": "sha512-Nu4C19tsrTsCp9fDrH+sdcOKoVfdfoQQ7S3VqjJU6vedR7tY3RLkQ5oguOIB3zFW33USDUuYZnPEQYySlgha4w==",
        "dependencies": {
          "@peculiar/asn1-schema": "@peculiar/asn1-schema@2.6.0",
          "@peculiar/asn1-x509": "@peculiar/asn1-x509@2.6.0",
          "asn1js": "asn1js@3.0.7",
          "tslib": "tslib@2.8.1"
        }
      },
      "@peculiar/asn1-schema@2.6.0": {
        "integrity": "sha512-xNLYLBFTBKkCzEZIw842BxytQQATQv+lDTCEMZ8C196iJcJJMBUZxrhSTxLaohMyKK8QlzRNTRkUmanucnDSqg==",
        "dependencies": {
          "asn1js": "asn1js@3.0.7",
          "pvtsutils": "pvtsutils@1.3.6",
          "tslib": "tslib@2.8.1"
        }
      },
      "@peculiar/asn1-x509@2.6.0": {
        "integrity": "sha512-uzYbPEpoQiBoTq0/+jZtpM6Gq6zADBx+JNFP3yqRgziWBxQ/Dt/HcuvRfm9zJTPdRcBqPNdaRHTVwpyiq6iNMA==",
        "dependencies": {
          "@peculiar/asn1-schema": "@peculiar/asn1-schema@2.6.0",
          "asn1js": "asn1js@3.0.7",
          "pvtsutils": "pvtsutils@1.3.6",
          "tslib": "tslib@2.8.1"
        }
      },
      "@simplewebauthn/server@12.0.0": {
        "integrity": "sha512-aJdTe9GikOk40U7Q5Mm/Sqkxcq4a2oPZAcLcnyqMyFqrUaOS6vdsZW8/H3Mnsw9umcr88pcgB7kozPPt+5wOBw==",
        "dependencies": {
          "@hexagon/base64": "@hexagon/base64@1.1.28",
          "@levischuck/tiny-cbor": "@levischuck/tiny-cbor@0.2.11",
          "@peculiar/asn1-android": "@peculiar/asn1-android@2.6.0",
          "@peculiar/asn1-ecc": "@peculiar/asn1-ecc@2.6.0",
          "@peculiar/asn1-rsa": "@peculiar/asn1-rsa@2.6.0",
          "@peculiar/asn1-schema": "@peculiar/asn1-schema@2.6.0",
          "@peculiar/asn1-x509": "@peculiar/asn1-x509@2.6.0",
          "@simplewebauthn/types": "@simplewebauthn/types@12.0.0",
          "cross-fetch": "cross-fetch@4.1.0"
        }
      },
      "@simplewebauthn/types@12.0.0": {
        "integrity": "sha512-q6y8MkoV8V8jB4zzp18Uyj2I7oFp2/ONL8c3j8uT06AOWu3cIChc1au71QYHrP2b+xDapkGTiv+9lX7xkTlAsA==",
        "dependencies": {}
      },
      "@stablelib/base64@1.0.1": {
        "integrity": "sha512-1bnPQqSxSuc3Ii6MhBysoWCg58j97aUjuCSZrGSmDxNqtytIi0k8utUenAwTZN4V5mXXYGsVUI9zeBqy+jBOSQ==",
        "dependencies": {}
      },
      "@supabase/auth-js@2.92.0": {
        "integrity": "sha512-lzkE2oaGj94vGa6gJfxSF0c1OcGkAuj1JHL/RqJ0vZuV1j575DhBOVjqk5YkUbVBGK0O1qssAkTxwh1WEiCulA==",
        "dependencies": {
          "tslib": "tslib@2.8.1"
        }
      },
      "@supabase/functions-js@2.92.0": {
        "integrity": "sha512-TwtkoANIAOSvEysJwX8p9R/ymKzj1bJV2DFghc8IBYxYaVKXU3kHgFINyFxBkA+QN4/9U0p1FErpDMEIuqE6Ew==",
        "dependencies": {
          "tslib": "tslib@2.8.1"
        }
      },
      "@supabase/postgrest-js@2.92.0": {
        "integrity": "sha512-46AahNEnS0PpRiZpbnHCTZIPTBxczWFa+p1PcE58Vhd67XKLSQS7f5UwX8RAtx5xG7T9FQl4N7TLfEl+sAWHjg==",
        "dependencies": {
          "tslib": "tslib@2.8.1"
        }
      },
      "@supabase/realtime-js@2.92.0": {
        "integrity": "sha512-bcsSAo8Omx2YrqiEvNn5UIrp3yTipwGfobpcki6nkOfedLIyOqDgm2jyea7eZgzewJLe1j0J7u6ftO4YMN1Pqg==",
        "dependencies": {
          "@types/phoenix": "@types/phoenix@1.6.7",
          "@types/ws": "@types/ws@8.18.1",
          "tslib": "tslib@2.8.1",
          "ws": "ws@8.19.0"
        }
      },
      "@supabase/storage-js@2.92.0": {
        "integrity": "sha512-t404yGdpGyFgS6yBq2lpG0L7w8D8kFeagd2EN7l9gnVSRn94oX+Lvh4g3Jlijr9nnkMYnG+nZXjTeooAxVAjRQ==",
        "dependencies": {
          "iceberg-js": "iceberg-js@0.8.1",
          "tslib": "tslib@2.8.1"
        }
      },
      "@supabase/supabase-js@2.92.0": {
        "integrity": "sha512-hZlOgRvx0zRwPsIXaScWY7JqTvo6rGjrMeia5J4d7Y8cKphBd+cEdot7wnHvQwhZfWqoZVzQRL1m/+VrNiRnwQ==",
        "dependencies": {
          "@supabase/auth-js": "@supabase/auth-js@2.92.0",
          "@supabase/functions-js": "@supabase/functions-js@2.92.0",
          "@supabase/postgrest-js": "@supabase/postgrest-js@2.92.0",
          "@supabase/realtime-js": "@supabase/realtime-js@2.92.0",
          "@supabase/storage-js": "@supabase/storage-js@2.92.0"
        }
      },
      "@types/node@18.16.19": {
        "integrity": "sha512-IXl7o+R9iti9eBW4Wg2hx1xQDig183jj7YLn8F7udNceyfkbn1ZxmzZXuak20gR40D7pIkIY1kYGx5VIGbaHKA==",
        "dependencies": {}
      },
      "@types/phoenix@1.6.7": {
        "integrity": "sha512-oN9ive//QSBkf19rfDv45M7eZPi0eEXylht2OLEXicu5b4KoQ1OzXIw+xDSGWxSxe1JmepRR/ZH283vsu518/Q==",
        "dependencies": {}
      },
      "@types/ws@8.18.1": {
        "integrity": "sha512-ThVF6DCVhA8kUGy+aazFQ4kXQ7E1Ty7A3ypFOe0IcJV8O/M511G99AW24irKrW56Wt44yG9+ij8FaqoBGkuBXg==",
        "dependencies": {
          "@types/node": "@types/node@18.16.19"
        }
      },
      "agora-token@2.0.5": {
        "integrity": "sha512-0NcbzC3iuutlksv3b4bCMKHrW3pko6gdiGEMRo6APDice24kfXAuWyAlG9hRBrrPBVDShwm9/GUz2Scd3zuZQw==",
        "dependencies": {
          "crc-32": "crc-32@1.2.2",
          "cuint": "cuint@0.2.2",
          "md5": "md5@2.3.0"
        }
      },
      "asn1js@3.0.7": {
        "integrity": "sha512-uLvq6KJu04qoQM6gvBfKFjlh6Gl0vOKQuR5cJMDHQkmwfMOQeN3F3SHCv9SNYSL+CRoHvOGFfllDlVz03GQjvQ==",
        "dependencies": {
          "pvtsutils": "pvtsutils@1.3.6",
          "pvutils": "pvutils@1.1.5",
          "tslib": "tslib@2.8.1"
        }
      },
      "charenc@0.0.2": {
        "integrity": "sha512-yrLQ/yVUFXkzg7EDQsPieE/53+0RlaWTs+wBrvW36cyilJ2SaDWfl4Yj7MtLTXleV9uEKefbAGUPv2/iWSooRA==",
        "dependencies": {}
      },
      "cluster-key-slot@1.1.2": {
        "integrity": "sha512-RMr0FhtfXemyinomL4hrWcYJxmX6deFdCxpJzhDttxgO1+bcCnkk+9drydLVDmAMG7NE6aN/fl4F7ucU/90gAA==",
        "dependencies": {}
      },
      "crc-32@1.2.2": {
        "integrity": "sha512-ROmzCKrTnOwybPcJApAA6WBWij23HVfGVNKqqrZpuyZOHqK2CwHSvpGuyt/UNNvaIjEd8X5IFGp4Mh+Ie1IHJQ==",
        "dependencies": {}
      },
      "cross-fetch@4.1.0": {
        "integrity": "sha512-uKm5PU+MHTootlWEY+mZ4vvXoCn4fLQxT9dSc1sXVMSFkINTJVN8cAQROpwcKm8bJ/c7rgZVIBWzH5T78sNZZw==",
        "dependencies": {
          "node-fetch": "node-fetch@2.7.0"
        }
      },
      "crypt@0.0.2": {
        "integrity": "sha512-mCxBlsHFYh9C+HVpiEacem8FEBnMXgU9gy4zmNC+SXAZNB/1idgp/aulFJ4FgCi7GPEVbfyng092GqL2k2rmow==",
        "dependencies": {}
      },
      "cuint@0.2.2": {
        "integrity": "sha512-d4ZVpCW31eWwCMe1YT3ur7mUDnTXbgwyzaL320DrcRT45rfjYxkt5QWLrmOJ+/UEAI2+fQgKe/fCjR8l4TpRgw==",
        "dependencies": {}
      },
      "debug@4.4.3": {
        "integrity": "sha512-RGwwWnwQvkVfavKVt22FGLw+xYSdzARwm0ru6DhTVA3umU5hZc28V3kO4stgYryrTlLpuvgI9GiijltAjNbcqA==",
        "dependencies": {
          "ms": "ms@2.1.3"
        }
      },
      "denque@2.1.0": {
        "integrity": "sha512-HVQE3AAb/pxF8fQAoiqpvg9i3evqug3hoiwakOyZAwJm+6vZehbkYXZ0l4JxS+I3QxM97v5aaRNhj8v5oBhekw==",
        "dependencies": {}
      },
      "fast-sha256@1.3.0": {
        "integrity": "sha512-n11RGP/lrWEFI/bWdygLxhI+pVeo1ZYIVwvvPkW7azl/rOy+F3HYRZ2K5zeE9mmkhQppyv9sQFx0JM9UabnpPQ==",
        "dependencies": {}
      },
      "iceberg-js@0.8.1": {
        "integrity": "sha512-1dhVQZXhcHje7798IVM+xoo/1ZdVfzOMIc8/rgVSijRK38EDqOJoGula9N/8ZI5RD8QTxNQtK/Gozpr+qUqRRA==",
        "dependencies": {}
      },
      "ioredis@5.6.1": {
        "integrity": "sha512-UxC0Yv1Y4WRJiGQxQkP0hfdL0/5/6YvdfOOClRgJ0qppSarkhneSa6UvkMkms0AkdGimSH3Ikqm+6mkMmX7vGA==",
        "dependencies": {
          "@ioredis/commands": "@ioredis/commands@1.5.0",
          "cluster-key-slot": "cluster-key-slot@1.1.2",
          "debug": "debug@4.4.3",
          "denque": "denque@2.1.0",
          "lodash.defaults": "lodash.defaults@4.2.0",
          "lodash.isarguments": "lodash.isarguments@3.1.0",
          "redis-errors": "redis-errors@1.2.0",
          "redis-parser": "redis-parser@3.0.0",
          "standard-as-callback": "standard-as-callback@2.1.0"
        }
      },
      "is-buffer@1.1.6": {
        "integrity": "sha512-NcdALwpXkTm5Zvvbk7owOUSvVvBKDgKP5/ewfXEznmQFfs4ZRmanOeKBTjRVjka3QFoN6XJ+9F3USqfHqTaU5w==",
        "dependencies": {}
      },
      "lodash.defaults@4.2.0": {
        "integrity": "sha512-qjxPLHd3r5DnsdGacqOMU6pb/avJzdh9tFX2ymgoZE27BmjXrNy/y4LoaiTeAb+O3gL8AfpJGtqfX/ae2leYYQ==",
        "dependencies": {}
      },
      "lodash.isarguments@3.1.0": {
        "integrity": "sha512-chi4NHZlZqZD18a0imDHnZPrDeBbTtVN7GXMwuGdRH9qotxAjYs3aVLKc7zNOG9eddR5Ksd8rvFEBc9SsggPpg==",
        "dependencies": {}
      },
      "md5@2.3.0": {
        "integrity": "sha512-T1GITYmFaKuO91vxyoQMFETst+O71VUPEU3ze5GNzDm0OWdP8v1ziTaAEPUr/3kLsY3Sftgz242A1SetQiDL7g==",
        "dependencies": {
          "charenc": "charenc@0.0.2",
          "crypt": "crypt@0.0.2",
          "is-buffer": "is-buffer@1.1.6"
        }
      },
      "ms@2.1.3": {
        "integrity": "sha512-6FlzubTLZG3J2a/NVCAleEhjzq5oxgHyaCU9yYXvcLsvoVaHJq/s5xXI6/XXP6tz7R9xAOtHnSO/tXtF3WRTlA==",
        "dependencies": {}
      },
      "node-fetch@2.7.0": {
        "integrity": "sha512-c4FRfUm/dbcWZ7U+1Wq0AwCyFL+3nt2bEw05wfxSz+DWpWsitgmSgYmy2dQdWyKC1694ELPqMs/YzUSNozLt8A==",
        "dependencies": {
          "whatwg-url": "whatwg-url@5.0.0"
        }
      },
      "pvtsutils@1.3.6": {
        "integrity": "sha512-PLgQXQ6H2FWCaeRak8vvk1GW462lMxB5s3Jm673N82zI4vqtVUPuZdffdZbPDFRoU8kAhItWFtPCWiPpp4/EDg==",
        "dependencies": {
          "tslib": "tslib@2.8.1"
        }
      },
      "pvutils@1.1.5": {
        "integrity": "sha512-KTqnxsgGiQ6ZAzZCVlJH5eOjSnvlyEgx1m8bkRJfOhmGRqfo5KLvmAlACQkrjEtOQ4B7wF9TdSLIs9O90MX9xA==",
        "dependencies": {}
      },
      "redis-errors@1.2.0": {
        "integrity": "sha512-1qny3OExCf0UvUV/5wpYKf2YwPcOqXzkwKKSmKHiE6ZMQs5heeE/c8eXK+PNllPvmjgAbfnsbpkGZWy8cBpn9w==",
        "dependencies": {}
      },
      "redis-parser@3.0.0": {
        "integrity": "sha512-DJnGAeenTdpMEH6uAJRK/uiyEIH9WVsUmoLwzudwGJUwZPp80PDBWPHXSAGNPwNvIXAbe7MSUB1zQFugFml66A==",
        "dependencies": {
          "redis-errors": "redis-errors@1.2.0"
        }
      },
      "standard-as-callback@2.1.0": {
        "integrity": "sha512-qoRRSyROncaz1z0mvYqIE4lCd9p2R90i6GxW3uZv5ucSu8tU7B5HXUP1gG8pVZsYNVaXjk8ClXHPttLyxAL48A==",
        "dependencies": {}
      },
      "standardwebhooks@1.0.0": {
        "integrity": "sha512-BbHGOQK9olHPMvQNHWul6MYlrRTAOKn03rOe4A8O3CLWhNf4YHBqq2HJKKC+sfqpxiBY52pNeesD6jIiLDz8jg==",
        "dependencies": {
          "@stablelib/base64": "@stablelib/base64@1.0.1",
          "fast-sha256": "fast-sha256@1.3.0"
        }
      },
      "tr46@0.0.3": {
        "integrity": "sha512-N3WMsuqV66lT30CrXNbEjx4GEwlow3v6rr4mCcv6prnfwhS01rkgyFdjPNBYd9br7LpXV1+Emh01fHnq2Gdgrw==",
        "dependencies": {}
      },
      "tslib@2.8.1": {
        "integrity": "sha512-oJFu94HQb+KVduSUQL7wnpmqnfmLsOA/nAh6b6EH0wCEoK0/mPeXU6c3wKDV83MkOuHPRHtSXKKU99IBazS/2w==",
        "dependencies": {}
      },
      "webidl-conversions@3.0.1": {
        "integrity": "sha512-2JAn3z8AR6rjK8Sm8orRC0h/bcl/DqL7tRPdGZ4I1CjdF+EaMLmYxBHyXuKL849eucPFhvBoxMsflfOb8kxaeQ==",
        "dependencies": {}
      },
      "whatwg-url@5.0.0": {
        "integrity": "sha512-saE57nupxk6v3HY35+jzBwYa0rKSy0XR8JSxZPwgLr7ys0IBzhGviA1/TUGJLmSVqs8pb9AnvICXEuOHLprYTw==",
        "dependencies": {
          "tr46": "tr46@0.0.3",
          "webidl-conversions": "webidl-conversions@3.0.1"
        }
      },
      "ws@8.19.0": {
        "integrity": "sha512-blAT2mjOEIi0ZzruJfIhb3nps74PRWTCz1IjglWEEpQl5XS/UNama6u2/rjFkDDouqr4L67ry+1aGIALViWjDg==",
        "dependencies": {}
      },
      "zod@3.23.8": {
        "integrity": "sha512-XBx9AXhXktjUqnepgTiE5flcKIYWi/rme0Eaj+5Y0lftuGBq+jyRu/md4WnuxqgP1ubdpNCsYEYPxrzVHD8d6g==",
        "dependencies": {}
      },
      "zod@4.3.6": {
        "integrity": "sha512-rftlrkhHZOcjDwkGlnUtZZkvaPHCsDATp4pGpuOOMDaTdDDXF91wuVDJoWoPsKX/3YPQ5fHuF3STjcYyKr+Qhg==",
        "dependencies": {}
      }
    }
  },
  "remote": {
    "https://deno.land/std@0.224.0/async/delay.ts": "f90dd685b97c2f142b8069082993e437b1602b8e2561134827eeb7c12b95c499",
    "https://deno.land/std@0.224.0/encoding/_util.ts": "beacef316c1255da9bc8e95afb1fa56ed69baef919c88dc06ae6cb7a6103d376",
    "https://deno.land/std@0.224.0/encoding/base64.ts": "dd59695391584c8ffc5a296ba82bcdba6dd8a84d41a6a539fbee8e5075286eaf",
    "https://deno.land/std@0.224.0/http/server.ts": "f9313804bf6467a1704f45f76cb6cd0a3396a3b31c316035e6a4c2035d1ea514"
  },
  "workspace": {
    "packageJson": {
      "dependencies": [
        "npm:typescript@^5.7.2",
        "npm:vite@^7.3.1"
      ]
    },
    "members": {
      "admin_dashboard": {
        "packageJson": {
          "dependencies": [
            "npm:@hookform/resolvers@^3.9.1",
            "npm:@playwright/test@^1.50.1",
            "npm:@supabase/ssr@^0.7.0",
            "npm:@supabase/supabase-js@^2.95.3",
            "npm:@tanstack/react-query@^5.66.0",
            "npm:@testing-library/jest-dom@^6.6.3",
            "npm:@testing-library/react@^16.2.0",
            "npm:@testing-library/user-event@^14.5.2",
            "npm:@types/node@^22.13.1",
            "npm:@types/react-dom@^19.0.3",
            "npm:@types/react@^19.0.8",
            "npm:autoprefixer@^10.4.20",
            "npm:class-variance-authority@^0.7.1",
            "npm:clsx@^2.1.1",
            "npm:eslint-config-next@^16.1.6",
            "npm:eslint@^9.15.0",
            "npm:jest-environment-jsdom@^29.7.0",
            "npm:jest@^29.7.0",
            "npm:lucide-react@^0.476.0",
            "npm:next@^16.1.6",
            "npm:postcss@^8.5.2",
            "npm:prettier-plugin-tailwindcss@^0.6.11",
            "npm:prettier@^3.4.2",
            "npm:react-dom@^19.0.0",
            "npm:react-hook-form@^7.54.2",
            "npm:react@^19.0.0",
            "npm:tailwind-merge@^2.6.0",
            "npm:tailwindcss@^3.4.17",
            "npm:typescript@^5.7.3",
            "npm:zod@^3.24.2"
          ]
        }
      },
      "apps/web": {
        "packageJson": {
          "dependencies": [
            "npm:@supabase/supabase-js@^2.95.2",
            "npm:@tailwindcss/postcss@^4.1.18",
            "npm:@tanstack/react-query@^5.90.20",
            "npm:@types/react-dom@^19.2.3",
            "npm:@types/react@^19.2.13",
            "npm:@typescript-eslint/eslint-plugin@^8.54.0",
            "npm:@typescript-eslint/parser@^8.54.0",
            "npm:@vitejs/plugin-react@^5.1.3",
            "npm:ably@^2.12.0",
            "npm:autoprefixer@^10.4.24",
            "npm:eslint-plugin-react-hooks@^7.0.1",
            "npm:eslint-plugin-react-refresh@^0.5.0",
            "npm:eslint@^9.15.0",
            "npm:globals@^17.3.0",
            "npm:i18next@^25.8.4",
            "npm:mapbox-gl@3.18.1",
            "npm:postcss@^8.4.49",
            "npm:react-dom@^19.2.4",
            "npm:react-i18next@^16.5.4",
            "npm:react-router-dom@^7.13.0",
            "npm:react@^19.2.4",
            "npm:tailwindcss@^4.1.18",
            "npm:typescript@^5.7.2",
            "npm:vite@^7.3.1",
            "npm:vitest@^4.0.18",
            "npm:zod@^4.3.6"
          ]
        }
      }
    }
  }
}
